
Microsoft Visual Studio Solution File, Format Version 12.00
# Visual Studio 15
VisualStudioVersion = 15.0.26430.15
MinimumVisualStudioVersion = 10.0.40219.1
Project("{FAE04EC0-301F-11D3-BF4B-00C04F79EFBC}") = "MyFSM", "MyFSM\MyFSM.csproj", "{0EC57567-376E-48FC-A159-53D0ED7E0A74}"
EndProject
Global
	GlobalSection(SolutionConfigurationPlatforms) = preSolution
		Debug|Any CPU = Debug|Any CPU
		Release|Any CPU = Release|Any CPU
	EndGlobalSection
	GlobalSection(ProjectConfigurationPlatforms) = postSolution
		{0EC57567-376E-48FC-A159-53D0ED7E0A74}.Debug|Any CPU.ActiveCfg = Debug|Any CPU
		{0EC57567-376E-48FC-A159-53D0ED7E0A74}.Debug|Any CPU.Build.0 = Debug|Any CPU
		{0EC57567-376E-48FC-A159-53D0ED7E0A74}.Release|Any CPU.ActiveCfg = Release|Any CPU
		{0EC57567-376E-48FC-A159-53D0ED7E0A74}.Release|Any CPU.Build.0 = Release|Any CPU
	EndGlobalSection
	GlobalSection(SolutionProperties) = preSolution
		HideSolutionNode = FALSE
	EndGlobalSection
EndGlobal
